version = 1
revision = 3
requires-python = ">=3.11"

[[package]]
name = "data-generation"
version = "0.1.0"
source = { virtual = "." }
dependencies = [
    { name = "faker" },
    { name = "psycopg2-binary" },
    { name = "pymongo" },
    { name = "python-dotenv" },
]

[package.metadata]
requires-dist = [
    { name = "faker", specifier = ">=40.37.0" },
    { name = "psycopg2-binary", specifier = ">=2.9.12" },
    { name = "pymongo", specifier = ">=4.17.0" },
    { name = "python-dotenv", specifier = ">=1.2.3" },
]

[[package]]
name = "dnspython"
version = "2.8.0"
source = { registry = "https://pypi.org/simple" }
sdist = { url = "https://files.pythonhosted.org/packages/8c/8b/57666417c0f90f08bcafa776861060426765fdb422eb10212086fb811d26/dnspython-2.8.0.tar.gz", hash = "sha256:181d3c6996452cb1189c4046c61599b84a5a86e099562ffde77d26984ff26d0f", size = 368251, upload-time = "2025-09-07T18:58:00.022Z" }
wheels = [
    { url = "https://files.pythonhosted.org/packages/ba/5a/18ad964b0086c6e62e2e7500f7edc89e3faa45033c71c1893d34eed2b2de/dnspython-2.8.0-py3-none-any.whl", hash = "sha256:01d9bbc4a2d76bf0db7c1f729812ded6d912bd318d3b1cf81d30c0f845dbf3af", size = 331094, upload-time = "2025-09-07T18:57:58.071Z" },
]

[[package]]
name = "faker"
version = "40.38.0"
source = { registry = "https://pypi.org/simple" }
dependencies = [
    { name = "tzdata", marker = "sys_platform == 'win32'" },
]
sdist = { url = "https://files.pythonhosted.org/packages/f2/55/baeae0ecb04ef56c92d6ac1ef7b3b965af0502ac9863fc85db7afc0884fd/faker-40.38.0.tar.gz", hash = "sha256:72e421098664edf38478f4269a5d5a539337de5da18883ce67cb1e6bb96b0b3a", size = 2029190, upload-time = "2026-09-01T19:19:46.958Z" }
wheels = [
    { url = "https://files.pythonhosted.org/packages/f1/b8/48cb8733de8448023983f64e81d7f731ce1459c21e93b9b29657e5c48cab/faker-40.38.0-py3-none-any.whl", hash = "sha256:69927515d61759c8a257540b8a91891cd622ba1c24a386b62a0a777e44ba46a9", size = 2065931, upload-time = "2026-09-01T19:19:45.234Z" },
]

[[package]]
name = "psycopg2-binary"
version = "2.9.12"
source = { registry = "https://pypi.org/simple" }
sdist = { url = "https://files.pythonhosted.org/packages/2a/60/a3624f79acea344c16fbef3a94d28b89a8042ddfb8f3e4ca83f538671409/psycopg2_binary-2.9.12.tar.gz", hash = "sha256:5ac9444edc768c02a6b6a591f070b8aae28ff3a99be57560ac996001580f294c", size = 379686, upload-time = "2026-04-21T09:40:34.304Z" }
wheels = [
    { url = "https://files.pythonhosted.org/packages/d5/19/d4ce60954f3bb9d8e3bc5e5c4d1f2487de2d3851bf2391d54954c9df12a6/psycopg2_binary-2.9.12-cp311-cp311-macosx_10_9_x86_64.whl", hash = "sha256:5c8ce6c61bd1b1f6b9c24ee32211599f6166af2c55abb19456090a21fd16554b", size = 3712338, upload-time = "2026-04-20T23:34:03.961Z" },
    { url = "https://files.pythonhosted.org/packages/53/71/c85409ee0d78890f0660eff262e815e7dd2bb741a17611d82e9e8cd9dc5e/psycopg2_binary-2.9.12-cp311-cp311-macosx_11_0_arm64.whl", hash = "sha256:b4a9eaa6e7f4ff91bec10aa3fb296878e75187bced5cc4bafe17dc40915e1326", size = 3822407, upload-time = "2026-04-20T23:34:05.977Z" },
    { url = "https://files.pythonhosted.org/packages/3c/ed/60486c2c7f0d4d1ede2bfb1ed27e2498477ce646bc7f6b2759906303117e/psycopg2_binary-2.9.12-cp311-cp311-manylinux2014_ppc64le.manylinux_2_17_ppc64le.whl", hash = "sha256:c6528cefc8e50fcc6f4a107e27a672058b36cc5736d665476aeb413ba88dbb06", size = 4578425, upload-time = "2026-04-20T23:34:08.246Z" },
    { url = "https://files.pythonhosted.org/packages/0b/b9/656cb03fad9f4f49f2145c334b1126ee75189929ca4e6187d485a2d59951/psycopg2_binary-2.9.12-cp311-cp311-manylinux2014_x86_64.manylinux_2_17_x86_64.whl", hash = "sha256:e4e184b1fb6072bf05388aa41c697e1b2d01b3473f107e7ec44f186a32cfd0b8", size = 4273709, upload-time = "2026-04-20T23:34:10.974Z" },
    { url = "https://files.pythonhosted.org/packages/99/66/08cf0da0e25cc6fb142c89be45fc8418792858f0c4cbff5e24530ff02cd6/psycopg2_binary-2.9.12-cp311-cp311-manylinux_2_27_aarch64.manylinux_2_28_aarch64.whl", hash = "sha256:4766ab678563054d3f1d064a4db19cc4b5f9e3a8d9018592a8285cf200c248f3", size = 5893779, upload-time = "2026-04-20T23:34:13.905Z" },
    { url = "https://files.pythonhosted.org/packages/17/d7/eecd9ce8e146d3721115d82d3836efdbb712187e4590325df549989d18f4/psycopg2_binary-2.9.12-cp311-cp311-manylinux_2_38_riscv64.manylinux_2_39_riscv64.whl", hash = "sha256:5a0253224780c978746cb9be55a946bcdaf40fe3519c0f622924cdabdafe2c39", size = 4109308, upload-time = "2026-04-20T23:34:16.761Z" },
    { url = "https://files.pythonhosted.org/packages/b6/2e/b1dc289b362cc8d45697b57eefbd673186f49a4ea0906928988e3affcc98/psycopg2_binary-2.9.12-cp311-cp311-musllinux_1_2_aarch64.whl", hash = "sha256:0dc9228d47c46bda253d2ecd6bb93b56a9f2d7ad33b684a1fa3622bf74ffe30c", size = 3654405, upload-time = "2026-04-20T23:34:19.303Z" },
    { url = "https://files.pythonhosted.org/packages/eb/e4/4c4aea6473214dbdbd0fbba11aa4691e76dc01722c55724c5951719865ff/psycopg2_binary-2.9.12-cp311-cp311-musllinux_1_2_ppc64le.whl", hash = "sha256:f921f3cd87035ef7df233383011d7a53ea1d346224752c1385f1edfd790ceb6a", size = 3299187, upload-time = "2026-04-20T23:34:21.206Z" },
    { url = "https://files.pythonhosted.org/packages/ba/5d/b03b99986446a4f57b170ed9a2579fb7ff9783ca0fa5226b19db99737fee/psycopg2_binary-2.9.12-cp311-cp311-musllinux_1_2_riscv64.whl", hash = "sha256:3d999bd982a723113c1a45b55a7a6a90d64d0ed2278020ed625c490ff7bef96c", size = 3047716, upload-time = "2026-04-20T23:34:23.077Z" },
    { url = "https://files.pythonhosted.org/packages/14/86/382ee4afbd1d97500c9d2862b20c2fdeddf4b7335e984df3fb4309f64108/psycopg2_binary-2.9.12-cp311-cp311-musllinux_1_2_x86_64.whl", hash = "sha256:29d4d134bd0ab46ffb04e94aa3c5fa3ef582e9026609165e2f758ff76fc3a3be", size = 3349237, upload-time = "2026-04-20T23:34:25.211Z" },
    { url = "https://files.pythonhosted.org/packages/a8/16/9a57c75ba1eda7165c017342f526810d5f5a12647dde749c99ae9a7141d7/psycopg2_binary-2.9.12-cp311-cp311-win_amd64.whl", hash = "sha256:cb4a1dacdd48077150dc762a9e5ddbf32c256d66cb46f80839391aa458774936", size = 2757036, upload-time = "2026-04-20T23:34:27.77Z" },
    { url = "https://files.pythonhosted.org/packages/e2/9f/ef4ef3c8e15083df90ca35265cfd1a081a2f0cc07bb229c6314c6af817f4/psycopg2_binary-2.9.12-cp312-cp312-macosx_10_13_x86_64.whl", hash = "sha256:5cdc05117180c5fa9c40eea8ea559ce64d73824c39d928b7da9fb5f6a9392433", size = 3712459, upload-time = "2026-04-20T23:34:30.549Z" },
    { url = "https://files.pythonhosted.org/packages/b5/01/3dd14e46ba48c1e1a6ec58ee599fa1b5efa00c246d5046cd903d0eeb1af1/psycopg2_binary-2.9.12-cp312-cp312-macosx_11_0_arm64.whl", hash = "sha256:d3227a3bc228c10d21011a99245edca923e4e8bf461857e869a507d9a41fe9f6", size = 3822936, upload-time = "2026-04-20T23:34:32.77Z" },
    { url = "https://files.pythonhosted.org/packages/a6/f7/0640e4901119d8a9f7a1784b927f494e2198e213ceb593753d1f2c8b1b30/psycopg2_binary-2.9.12-cp312-cp312-manylinux2014_ppc64le.manylinux_2_17_ppc64le.whl", hash = "sha256:995ce929eede89db6254b50827e2b7fd61e50d11f0b116b29fffe4a2e53c4580", size = 4578676, upload-time = "2026-04-20T23:34:35.18Z" },
    { url = "https://files.pythonhosted.org/packages/b0/55/44df3965b5f297c50cc0b1b594a31c67d6127a9d133045b8a66611b14dfb/psycopg2_binary-2.9.12-cp312-cp312-manylinux2014_x86_64.manylinux_2_17_x86_64.whl", hash = "sha256:9fe06d93e72f1c048e731a2e3e7854a5bfaa58fc736068df90b352cefe66f03f", size = 4274917, upload-time = "2026-04-20T23:34:37.982Z" },
    { url = "https://files.pythonhosted.org/packages/b0/4b/74535248b1eac0c9336862e8617c765ac94dac76f9e25d7c4a79588c8907/psycopg2_binary-2.9.12-cp312-cp312-manylinux_2_27_aarch64.manylinux_2_28_aarch64.whl", hash = "sha256:40e7b28b63aaf737cb3a1edc3a9bbc9a9f4ad3dcb7152e8c1130e4050eddcb7d", size = 5894843, upload-time = "2026-04-20T23:34:40.856Z" },
    { url = "https://files.pythonhosted.org/packages/f2/ba/f1bf8d2ae71868ad800b661099086ee52bc0f8d9f05be1acd8ebb06757cc/psycopg2_binary-2.9.12-cp312-cp312-manylinux_2_38_riscv64.manylinux_2_39_riscv64.whl", hash = "sha256:89d19a9f7899e8eb0656a2b3a08e0da04c720a06db6e0033eab5928aabe60fa9", size = 4110556, upload-time = "2026-04-20T23:34:44.016Z" },
    { url = "https://files.pythonhosted.org/packages/45/46/c15706c338403b7c420bcc0c2905aad116cc064545686d8bf85f1999ea00/psycopg2_binary-2.9.12-cp312-cp312-musllinux_1_2_aarch64.whl", hash = "sha256:612b965daee295ae2da8f8218ce1d274645dc76ef3f1abf6a0a94fd57eff876d", size = 3655714, upload-time = "2026-04-20T23:34:46.233Z" },
    { url = "https://files.pythonhosted.org/packages/b3/7c/a2d5dc09b64a4564db242a0fe418fde7d33f6f8259dd2c5b9d7def00fb5a/psycopg2_binary-2.9.12-cp312-cp312-musllinux_1_2_ppc64le.whl", hash = "sha256:b9a339b79d37c1b45f3235265f07cdeb0cb5ad7acd2ac7720a5920989c17c24e", size = 3301154, upload-time = "2026-04-20T23:34:49.528Z" },
    { url = "https://files.pythonhosted.org/packages/c0/e8/cc8c9a4ce71461f9ec548d38cadc41dc184b34c73e6455450775a9334ccd/psycopg2_binary-2.9.12-cp312-cp312-musllinux_1_2_riscv64.whl", hash = "sha256:3471336e1acfd9c7fe507b8bad5af9317b6a89294f9eb37bd9a030bb7bebcdc6", size = 3048882, upload-time = "2026-04-20T23:34:51.86Z" },
    { url = "https://files.pythonhosted.org/packages/19/6a/31e2296bc0787c5ab75d3d118e40b239db8151b5192b90b77c72bc9256e9/psycopg2_binary-2.9.12-cp312-cp312-musllinux_1_2_x86_64.whl", hash = "sha256:7af18183109e23502c8b2ae7f6926c0882766f35b5175a4cd737ad825e4d7a1b", size = 3351298, upload-time = "2026-04-20T23:34:54.124Z" },
    { url = "https://files.pythonhosted.org/packages/5f/a8/75f4e3e11203b590150abed2cf7794b9c9c9f7eceddae955191138b44dde/psycopg2_binary-2.9.12-cp312-cp312-win_amd64.whl", hash = "sha256:398fcd4db988c7d7d3713e2b8e18939776fd3fb447052daae4f24fa39daede4c", size = 2757230, upload-time = "2026-04-20T23:34:56.242Z" },
    { url = "https://files.pythonhosted.org/packages/91/bb/4608c96f970f6e0c56572e87027ef4404f709382a3503e9934526d7ba051/psycopg2_binary-2.9.12-cp313-cp313-macosx_10_13_x86_64.whl", hash = "sha256:7c729a73c7b1b84de3582f73cdd27d905121dc2c531f3d9a3c32a3011033b965", size = 3712419, upload-time = "2026-04-20T23:34:58.754Z" },
    { url = "https://files.pythonhosted.org/packages/5e/af/48f76af9d50d61cf390f8cd657b503168b089e2e9298e48465d029fcc713/psycopg2_binary-2.9.12-cp313-cp313-macosx_11_0_arm64.whl", hash = "sha256:4413d0caef93c5cf50b96863df4c2efe8c269bf2267df353225595e7e15e8df7", size = 3822990, upload-time = "2026-04-20T23:35:00.821Z" },
    { url = "https://files.pythonhosted.org/packages/7a/df/aba0f99397cd811d32e06fc0cc781f1f3ce98bc0e729cb423925085d781a/psycopg2_binary-2.9.12-cp313-cp313-manylinux2014_ppc64le.manylinux_2_17_ppc64le.whl", hash = "sha256:4dfcf8e45ebb0c663be34a3442f65e17311f3367089cd4e5e3a3e8e62c978777", size = 4578696, upload-time = "2026-04-20T23:35:03.409Z" },
    { url = "https://files.pythonhosted.org/packages/95/9c/eaa74021ac4e4d5c2f83d82fc6615a63f4fe6c94dc4e94c3990427053f67/psycopg2_binary-2.9.12-cp313-cp313-manylinux2014_x86_64.manylinux_2_17_x86_64.whl", hash = "sha256:c41321a14dd74aceb6a9a643b9253a334521babfa763fa873e33d89cfa122fb5", size = 4274982, upload-time = "2026-04-20T23:35:05.583Z" },
    { url = "https://files.pythonhosted.org/packages/35/ed/c25deff98bd26187ba48b3b250a3ffc3037c46c5b89362534a15d200e0db/psycopg2_binary-2.9.12-cp313-cp313-manylinux_2_27_aarch64.manylinux_2_28_aarch64.whl", hash = "sha256:83946ba43979ebfdc99a3cd0ee775c89f221df026984ba19d46133d8d75d3cd9", size = 5894867, upload-time = "2026-04-20T23:35:07.902Z" },
    { url = "https://files.pythonhosted.org/packages/9a/81/8d0e21ca77373c6c9589e5c4528f6e8f0c08c62cafc76fb0bddb7a2cee22/psycopg2_binary-2.9.12-cp313-cp313-manylinux_2_38_riscv64.manylinux_2_39_riscv64.whl", hash = "sha256:411e85815652d13560fbe731878daa5d92378c4995a22302071890ec3397d019", size = 4110578, upload-time = "2026-04-20T23:35:10.149Z" },
    { url = "https://files.pythonhosted.org/packages/00/fc/f481e2435bd8f742d0123309174aae4165160ad3ef17c1b99c3622c241d2/psycopg2_binary-2.9.12-cp313-cp313-musllinux_1_2_aarch64.whl", hash = "sha256:1c8ad4c08e00f7679559eaed7aff1edfffc60c086b976f93972f686384a95e2c", size = 3655816, upload-time = "2026-04-20T23:35:12.56Z" },
    { url = "https://files.pythonhosted.org/packages/53/79/b9f46466bdbe9f239c96cde8be33c1aace4842f06013b47b730dc9759187/psycopg2_binary-2.9.12-cp313-cp313-musllinux_1_2_ppc64le.whl", hash = "sha256:00814e40fa23c2b37ef0a1e3c749d89982c73a9cb5046137f0752a22d432e82f", size = 3301307, upload-time = "2026-04-20T23:35:15.029Z" },
    { url = "https://files.pythonhosted.org/packages/3f/19/7dc003b32fe35024df89b658104f7c8538a8b2dcbde7a4e746ce929742e7/psycopg2_binary-2.9.12-cp313-cp313-musllinux_1_2_riscv64.whl", hash = "sha256:98062447aebc20ed20add1f547a364fd0ef8933640d5372ff1873f8deb9b61be", size = 3048968, upload-time = "2026-04-20T23:35:16.757Z" },
    { url = "https://files.pythonhosted.org/packages/91/58/2dbd7db5c604d45f4950d988506aae672a14126ec22998ced5021cbb76bb/psycopg2_binary-2.9.12-cp313-cp313-musllinux_1_2_x86_64.whl", hash = "sha256:66a7685d7e548f10fb4ce32fb01a7b7f4aa702134de92a292c7bd9e0d3dbd290", size = 3351369, upload-time = "2026-04-20T23:35:18.933Z" },
    { url = "https://files.pythonhosted.org/packages/42/ee/dee8dcaad07f735824de3d6563bc67119fa6c28257b17977a8d624f02fab/psycopg2_binary-2.9.12-cp313-cp313-win_amd64.whl", hash = "sha256:b6937f5fe4e180aeee87de907a2fa982ded6f7f15d7218f78a083e4e1d68f2a0", size = 2757347, upload-time = "2026-04-20T23:35:21.283Z" },
    { url = "https://files.pythonhosted.org/packages/13/1b/708c0dca874acfad6d65314271859899a79007686f3a1f74e82a2ed4b645/psycopg2_binary-2.9.12-cp314-cp314-macosx_10_15_x86_64.whl", hash = "sha256:6f3b3de8a74ef8db215f22edffb19e32dc6fa41340456de7ec99efdc8a7b3ec2", size = 3712428, upload-time = "2026-04-20T23:35:23.453Z" },
    { url = "https://files.pythonhosted.org/packages/d6/39/ddbea9d4b4de6aca9431b6ed253f530f8a02d3b8f9bcfd0dbfe2b3de6fe4/psycopg2_binary-2.9.12-cp314-cp314-macosx_11_0_arm64.whl", hash = "sha256:1006fb62f0f0bc5ce256a832356c6262e91be43f5e4eb15b5eaf38079464caf2", size = 3823184, upload-time = "2026-04-20T23:35:25.92Z" },
    { url = "https://files.pythonhosted.org/packages/bf/a0/bc2fef74b106fa345567122a0659e6d94512ed7dc0131ec44c9e5aba3725/psycopg2_binary-2.9.12-cp314-cp314-manylinux2014_ppc64le.manylinux_2_17_ppc64le.whl", hash = "sha256:840066105706cd2eb29b9a1c2329620056582a4bf3e8169dec5c447042d0869f", size = 4579157, upload-time = "2026-04-20T23:35:28.542Z" },
    { url = "https://files.pythonhosted.org/packages/57/d7/d4e3b2005d3de607ca4fbb0e8742e248056e52184a6b94ebda3c1c2c329b/psycopg2_binary-2.9.12-cp314-cp314-manylinux2014_x86_64.manylinux_2_17_x86_64.whl", hash = "sha256:863f5d12241ebe1c76a72a04c2113b6dc905f90b9cef0e9be0efd994affd9354", size = 4274970, upload-time = "2026-04-20T23:35:30.418Z" },
    { url = "https://files.pythonhosted.org/packages/2e/42/c9853f8db3967fe08bcde11f53d53b85d351750cae726ce001cb68afa9c1/psycopg2_binary-2.9.12-cp314-cp314-manylinux_2_27_aarch64.manylinux_2_28_aarch64.whl", hash = "sha256:a99eaab34a9010f1a086b126de467466620a750634d114d20455f3a824aae033", size = 5895175, upload-time = "2026-04-20T23:35:33.584Z" },
    { url = "https://files.pythonhosted.org/packages/eb/fd/b82b5601a97630308bef079f545ffec481bbbc795c2ba5ec416a01d03f60/psycopg2_binary-2.9.12-cp314-cp314-manylinux_2_38_riscv64.manylinux_2_39_riscv64.whl", hash = "sha256:ffdd7dc5463ccd61845ac37b7012d0f35a1548df9febe14f8dd549be4a0bc81e", size = 4110658, upload-time = "2026-04-20T23:35:35.638Z" },
    { url = "https://files.pythonhosted.org/packages/62/8c/32ca69b0389ef25dd22937bf9e8fbe2ce27aea20b05ded48c4ce4cb42475/psycopg2_binary-2.9.12-cp314-cp314-musllinux_1_2_aarch64.whl", hash = "sha256:54a0dfecab1b48731f934e06139dfe11e24219fb6d0ceb32177cf0375f14c7b5", size = 3656251, upload-time = "2026-04-20T23:35:37.854Z" },
    { url = "https://files.pythonhosted.org/packages/c4/29/96992a2b59e3b9d730fcf9612d0a387305025dc867a9fc490a9e496e074e/psycopg2_binary-2.9.12-cp314-cp314-musllinux_1_2_ppc64le.whl", hash = "sha256:96937c9c5d891f772430f418a7a8b4691a90c3e6b93cf72b5bd7cad8cbca32a5", size = 3301810, upload-time = "2026-04-20T23:35:39.927Z" },
    { url = "https://files.pythonhosted.org/packages/56/ad/44b06659949b243ae10112cd3b20a197f9bf3e81d5651379b9eb889bfaad/psycopg2_binary-2.9.12-cp314-cp314-musllinux_1_2_riscv64.whl", hash = "sha256:77b348775efd4cdab410ec6609d81ccecd1139c90265fa583a7255c8064bc03d", size = 3048977, upload-time = "2026-04-20T23:35:41.806Z" },
    { url = "https://files.pythonhosted.org/packages/1d/f2/10a1bcebadb6aa55e280e1f58975c36a7b560ea525184c7aa4064c466633/psycopg2_binary-2.9.12-cp314-cp314-musllinux_1_2_x86_64.whl", hash = "sha256:527e6342b3e44c2f0544f6b8e927d60de7f163f5723b8f1dfa7d2a84298738cd", size = 3351466, upload-time = "2026-04-20T23:35:43.993Z" },
    { url = "https://files.pythonhosted.org/packages/20/be/b732c8418ffa5bcfda002890f5dc4c869fc17db66ff11f53b17cfe44afc0/psycopg2_binary-2.9.12-cp314-cp314-win_amd64.whl", hash = "sha256:f12ae41fcafadb39b2785e64a40f9db05d6de2ac114077457e0e7c597f3af980", size = 2848762, upload-time = "2026-04-20T23:35:46.421Z" },
]

[[package]]
name = "pymongo"
version = "4.18.0"
source = { registry = "https://pypi.org/simple" }
dependencies = [
    { name = "dnspython" },
]
sdist = { url = "https://files.pythonhosted.org/packages/a1/0a/d4daac76f66c466c20f00215064d43f4eb4b0aba8f2d8ecabdcc13102bc5/pymongo-4.18.0.tar.gz", hash = "sha256:6f33cd2033e8ea216d3069b5ebea79ded74ef2a93f69a93b26cf310082f9b5b9", size = 2741743, upload-time = "2026-09-03T16:01:06.074Z" }
wheels = [
    { url = "https://files.pythonhosted.org/packages/26/a8/2dd2627a1bb8e9b7cc137464b8b494b3b857c6a4c668d544892feeb66b02/pymongo-4.18.0-cp311-cp311-macosx_10_9_x86_64.whl", hash = "sha256:232629980d2286644fcfdab89d6f16990a4b34f9c11f8e94184491895c84f652", size = 818176, upload-time = "2026-09-03T15:59:06.646Z" },
    { url = "https://files.pythonhosted.org/packages/56/f8/7da63e0961009dab27a74424c054dc802dee526de2660a41443323bdb320/pymongo-4.18.0-cp311-cp311-macosx_11_0_arm64.whl", hash = "sha256:0d478d036b15a7b421bd663290fbdcf2ba6a6072943cdd6cb90274832c40534b", size = 818709, upload-time = "2026-09-03T15:59:08.412Z" },
    { url = "https://files.pythonhosted.org/packages/c8/1c/1af393729126c9999daa4703d9b52c699878a73a4e6c4636061069655fae/pymongo-4.18.0-cp311-cp311-manylinux1_i686.manylinux_2_28_i686.manylinux_2_5_i686.whl", hash = "sha256:065f8c5d5a8c677cfefc2dd59fe55b649827255375675f9061b459163735e123", size = 1022755, upload-time = "2026-09-03T15:59:10.274Z" },
    { url = "https://files.pythonhosted.org/packages/be/c1/9eac4d41ea1cfcad75db29e89942cd2eea21339647e71805979805e85d8b/pymongo-4.18.0-cp311-cp311-manylinux2014_aarch64.manylinux_2_17_aarch64.manylinux_2_28_aarch64.whl", hash = "sha256:a376caecb6cf32d0b27190a304e884e6db68b05d3bdf3ee3a7e780081745efbe", size = 1031177, upload-time = "2026-09-03T15:59:12.23Z" },
    { url = "https://files.pythonhosted.org/packages/e3/ee/79749c0c936845539b0acede9ced62c2720d41d6a438a32e448907437620/pymongo-4.18.0-cp311-cp311-manylinux2014_ppc64le.manylinux_2_17_ppc64le.manylinux_2_28_ppc64le.whl", hash = "sha256:5277ec3804d6c174953aab6e960f6590d7ed43ee932c4c29183a4123881762e5", size = 1053410, upload-time = "2026-09-03T15:59:13.997Z" },
    { url = "https://files.pythonhosted.org/packages/04/ca/814fe3f7bac4c84c6400dc34b7b73bcca8f5eff60e52ea9e0e7e9ad8b723/pymongo-4.18.0-cp311-cp311-manylinux2014_s390x.manylinux_2_17_s390x.manylinux_2_28_s390x.whl", hash = "sha256:6ee6af1a764a563bf82ac49b54b38cf7e34615ddb709c974aa7a9105a9b9d24e", size = 1046128, upload-time = "2026-09-03T15:59:15.898Z" },
    { url = "https://files.pythonhosted.org/packages/5d/fa/c21e7fe8f480538c58f718b49bd1370e81f2ebaae91c6b4844378d17c24e/pymongo-4.18.0-cp311-cp311-manylinux2014_x86_64.manylinux_2_17_x86_64.manylinux_2_28_x86_64.whl", hash = "sha256:b3ef22f72013934c1a688f42c3dc629b2c8215d03e313ec45f00e4f9a80ef2c8", size = 1032499, upload-time = "2026-09-03T15:59:17.96Z" },
    { url = "https://files.pythonhosted.org/packages/e0/0b/b2883d8cc6ea4dbe089d613bb3f480d37c2c60d5b6fc5811bbf359709b3e/pymongo-4.18.0-cp311-cp311-win32.whl", hash = "sha256:fb0ad64ed30b8ad268ebcafebefe00750868c23d4d62b137da3316f26f3361b1", size = 813895, upload-time = "2026-09-03T15:59:19.601Z" },
    { url = "https://files.pythonhosted.org/packages/2e/93/588e44ab0db8a016d052f9e225e987c2709fe36111b975baf47d31ae1efd/pymongo-4.18.0-cp311-cp311-win_amd64.whl", hash = "sha256:ac4029c949f8141ea5600e34e12cc400507d664e2746cda4fa4f2895959bebed", size = 819706, upload-time = "2026-09-03T15:59:21.401Z" },
    { url = "https://files.pythonhosted.org/packages/41/b4/03a75f77a129a3f8ec33c28d6abac23198a4c18a455ecc02a5bbf336c07e/pymongo-4.18.0-cp311-cp311-win_arm64.whl", hash = "sha256:d22465d4798d4fbfc6992de089d07ca33821fcaaf876a15942a9cc2e99441ad4", size = 815044, upload-time = "2026-09-03T15:59:23.137Z" },
    { url = "https://files.pythonhosted.org/packages/71/45/b0d2f2c463d4c74eec652bb4bfaa7107c0ccc0880ad06d3d384f6c393aab/pymongo-4.18.0-cp312-cp312-macosx_10_13_x86_64.whl", hash = "sha256:209aa073b8939bfbdae0e74d76c85db4ad8681aa4ec157d6db3aa5e0ada6ec8d", size = 818678, upload-time = "2026-09-03T15:59:24.918Z" },
    { url = "https://files.pythonhosted.org/packages/00/6a/c08d9c0131ea86fc13837d8b4c90264ace36c2c6823a65e2af07819c24e3/pymongo-4.18.0-cp312-cp312-macosx_11_0_arm64.whl", hash = "sha256:bd37241ae704da14b71961da2b6a862a6100bfa83419782de3c3e2336a5d330e", size = 819107, upload-time = "2026-09-03T15:59:26.718Z" },
    { url = "https://files.pythonhosted.org/packages/37/50/f5204dc860cf219b744e70f8c69b8ae7b08093acb200d56c3fd7b10b59b5/pymongo-4.18.0-cp312-cp312-manylinux1_i686.manylinux_2_28_i686.manylinux_2_5_i686.whl", hash = "sha256:47f443322528b03106c7bcc4784288ae35fe5d7bf4cf99a9d79cb4b582a3ecdc", size = 1039079, upload-time = "2026-09-03T15:59:28.477Z" },
    { url = "https://files.pythonhosted.org/packages/f0/3f/7a4a9d3f8d0dfed987914dcd77bf87e2091889b1b1b5076b73deddf2ccf4/pymongo-4.18.0-cp312-cp312-manylinux2014_aarch64.manylinux_2_17_aarch64.manylinux_2_28_aarch64.whl", hash = "sha256:751c2cc268e0a43e53ed6d41d3c36ca23f048b35714a9e1c83a3b3216bda37af", size = 1050403, upload-time = "2026-09-03T15:59:30.501Z" },
    { url = "https://files.pythonhosted.org/packages/21/7a/9916952952bebc37b0cc1b7544e494da33ebe779581dc7d5ceca020eac8e/pymongo-4.18.0-cp312-cp312-manylinux2014_ppc64le.manylinux_2_17_ppc64le.manylinux_2_28_ppc64le.whl", hash = "sha256:b48d37852d45673a6ef38cc91fdee6ad59eef74d1f24691c6f19069a5de936ac", size = 1075134, upload-time = "2026-09-03T15:59:32.509Z" },
    { url = "https://files.pythonhosted.org/packages/ba/57/54b5f915b3daa31fe4a93f04700bd0f17570fabc90a7d7c107aa3da14248/pymongo-4.18.0-cp312-cp312-manylinux2014_s390x.manylinux_2_17_s390x.manylinux_2_28_s390x.whl", hash = "sha256:e84103297ac0d1f3079ba6891b1f5f3f9459cbe1a61ad5465643c311021bec6a", size = 1068019, upload-time = "2026-09-03T15:59:34.859Z" },
    { url = "https://files.pythonhosted.org/packages/e0/a5/9987c5b2f909f9b7796de7e3c5ea3f9d7ebe3e3454862904e80bd6c37654/pymongo-4.18.0-cp312-cp312-manylinux2014_x86_64.manylinux_2_17_x86_64.manylinux_2_28_x86_64.whl", hash = "sha256:21a0b97c0fcb9ce63895e37642e64dbb119b27053f7b5292ca9dfb597c1bca5f", size = 1049555, upload-time = "2026-09-03T15:59:36.573Z" },
    { url = "https://files.pythonhosted.org/packages/76/5d/ce8c73aaf26461232efe31659b448699f46f29dfa7fd2726e582bf9b6ec8/pymongo-4.18.0-cp312-cp312-win32.whl", hash = "sha256:7ab8e8f9d636a199a60c01427eff854b52d3bec5023e7ed516b3b0e26ee088f6", size = 814802, upload-time = "2026-09-03T15:59:38.308Z" },
    { url = "https://files.pythonhosted.org/packages/5a/ae/ab46e8a875675b9b0ab76f04e30267f8d56988b776977c29584a2ae3f0be/pymongo-4.18.0-cp312-cp312-win_amd64.whl", hash = "sha256:96bd084e388afa10eda7ea7e2e2c7b070589ff180ae7a61b7af9039747c2848f", size = 820395, upload-time = "2026-09-03T15:59:40.077Z" },
    { url = "https://files.pythonhosted.org/packages/eb/a3/81e90bba3e5e011ba818854f84efc5480386349aa8039f85b5ed196f7264/pymongo-4.18.0-cp312-cp312-win_arm64.whl", hash = "sha256:9a50d8ad7310b87e09d34ddf398c3d347d1ab28599b7f181d432a59ce89cb6ac", size = 815303, upload-time = "2026-09-03T15:59:41.997Z" },
    { url = "https://files.pythonhosted.org/packages/df/b1/6602487d94f6aef7677b18fe149bb0693fa209acf3b339a44ad8bc4060b2/pymongo-4.18.0-cp313-cp313-macosx_10_13_x86_64.whl", hash = "sha256:29c60dce70a300a09c0af39c2dbebd1a0199db9eb4d3ef03a4eeb587e7675668", size = 818600, upload-time = "2026-09-03T15:59:43.753Z" },
    { url = "https://files.pythonhosted.org/packages/ca/eb/c5beaf94967ef5c9aaf9db65fbe1d82337f7cf9c6b6df6c0e8d4c70f9e13/pymongo-4.18.0-cp313-cp313-macosx_11_0_arm64.whl", hash = "sha256:0d821ca5865e88c2dc29e259a191d770a53093c6749c6b228f18b078cb598faf", size = 818942, upload-time = "2026-09-03T15:59:45.515Z" },
    { url = "https://files.pythonhosted.org/packages/59/18/3a19ece4d253e6be1d5e293701c2948330927a7e91d19372e9c4a04e2139/pymongo-4.18.0-cp313-cp313-manylinux1_i686.manylinux_2_28_i686.manylinux_2_5_i686.whl", hash = "sha256:0a61148df54b254b4157aaba2139cb8fc97b8232281d783e0b7b2d58cb000fcb", size = 1039154, upload-time = "2026-09-03T15:59:47.222Z" },
    { url = "https://files.pythonhosted.org/packages/50/95/944159a0c4bd68c40f3a96c617d3d1815768e23cd0cb0b730827c7a9115b/pymongo-4.18.0-cp313-cp313-manylinux2014_aarch64.manylinux_2_17_aarch64.manylinux_2_28_aarch64.whl", hash = "sha256:eda647930ecf0419fb3cecc448c40020e3871adbae523b302d15d2c49d22c866", size = 1050185, upload-time = "2026-09-03T15:59:49.268Z" },
    { url = "https://files.pythonhosted.org/packages/3f/90/70faae774a27545f6e9d085877a1acc884e48b0e7afadf51d2f17eab15ae/pymongo-4.18.0-cp313-cp313-manylinux2014_ppc64le.manylinux_2_17_ppc64le.manylinux_2_28_ppc64le.whl", hash = "sha256:04766d0930bc06dc99e3274a800fb81e85f2629f27ba7bc326e2d4d13ea449d5", size = 1074933, upload-time = "2026-09-03T15:59:51.246Z" },
    { url = "https://files.pythonhosted.org/packages/08/e1/fb0807668b8ffc0ffbe92786cb0ed6c10e70c32be5123fd49ff4ff2006e2/pymongo-4.18.0-cp313-cp313-manylinux2014_s390x.manylinux_2_17_s390x.manylinux_2_28_s390x.whl", hash = "sha256:368cd67dd1d3ead5836c20457b84d674256f27b3e99c332d085081680c8465b9", size = 1067686, upload-time = "2026-09-03T15:59:52.951Z" },
    { url = "https://files.pythonhosted.org/packages/bd/dc/7c620995d4dff3eb1fdf62236844f3cb67d3042ed1a6d4f4059ef5dc79a6/pymongo-4.18.0-cp313-cp313-manylinux2014_x86_64.manylinux_2_17_x86_64.manylinux_2_28_x86_64.whl", hash = "sha256:c9b8e25f672f5b2b30c6b834e162454e721cf1f782e753f0e9ea3bca225900f3", size = 1049459, upload-time = "2026-09-03T15:59:54.958Z" },
    { url = "https://files.pythonhosted.org/packages/e7/25/a317ab554f604ce30fa778af82264627a7784c4a750c3d8459589f751cf4/pymongo-4.18.0-cp313-cp313-win32.whl", hash = "sha256:f15feb666fa56a43e4b318471eff7fba6facbfc3b2555185a0fef871f6b9ccf1", size = 814841, upload-time = "2026-09-03T15:59:56.657Z" },
    { url = "https://files.pythonhosted.org/packages/6e/58/a2a4b209a3066db88d82c9b44e5b75286aa5a00172dbca357af20bb8b1e4/pymongo-4.18.0-cp313-cp313-win_amd64.whl", hash = "sha256:a2d96ad52eca16939564cbae9c91ffa92a9705ad46cb8d5de26b95dba0d40793", size = 820431, upload-time = "2026-09-03T15:59:58.745Z" },
    { url = "https://files.pythonhosted.org/packages/d5/fa/8cd86494c9001f8e5331f51384b187962696bac3188fcbe05f7edf8dceed/pymongo-4.18.0-cp313-cp313-win_arm64.whl", hash = "sha256:b230196ea62fc4542d9d6b78ddd9dbf0c9437ac2fde5810f7305377ae50fed11", size = 815328, upload-time = "2026-09-03T16:00:01.029Z" },
    { url = "https://files.pythonhosted.org/packages/db/86/6c79e21ddad4a9165f5023c723220f23c68012949efaa89a02d13a684bff/pymongo-4.18.0-cp314-cp314-macosx_10_15_x86_64.whl", hash = "sha256:4343c06f00fafdd8c8d73521ed8b4c468aa74e1b8f65cd757fb5f6ac3df685b3", size = 818495, upload-time = "2026-09-03T16:00:02.951Z" },
    { url = "https://files.pythonhosted.org/packages/62/25/5b783fa8d6cb08d9590e56969accab39194e801f35a174c77d494dcefb94/pymongo-4.18.0-cp314-cp314-macosx_11_0_arm64.whl", hash = "sha256:277e61864ad6a064d75d7efbf5ce0e57378c420e48af6b7bad63e8356dcb22e1", size = 819063, upload-time = "2026-09-03T16:00:04.866Z" },
    { url = "https://files.pythonhosted.org/packages/ad/19/f671bdb2533ef47ba49bd1cd2a65c16c2e5540abd9f48f0c8661a7243c56/pymongo-4.18.0-cp314-cp314-manylinux1_i686.manylinux_2_28_i686.manylinux_2_5_i686.whl", hash = "sha256:b43545a785e4054db2f712ae7d2a640874500a2352e705dbe49c8a1b90de87f2", size = 1040923, upload-time = "2026-09-03T16:00:06.906Z" },
    { url = "https://files.pythonhosted.org/packages/b0/36/3c4d10c334f76dcd135313ca21d3a902f13a3e46438b36bbea9413ab7fbf/pymongo-4.18.0-cp314-cp314-manylinux2014_aarch64.manylinux_2_17_aarch64.manylinux_2_28_aarch64.whl", hash = "sha256:34f3c9adcc26dbfdc50cbb27da5c369588e6862241ea5cf96d33139f57fd9e0b", size = 1050899, upload-time = "2026-09-03T16:00:08.976Z" },
    { url = "https://files.pythonhosted.org/packages/76/80/f7f686185a7e386dd1d9ad4bde0353a5150b7a1129957beed764bcf900fa/pymongo-4.18.0-cp314-cp314-manylinux2014_ppc64le.manylinux_2_17_ppc64le.manylinux_2_28_ppc64le.whl", hash = "sha256:cd7577d4f28c882b42b356f86f7cf7566698beb347b75dcd742ffe5aac3c3462", size = 1074920, upload-time = "2026-09-03T16:00:11.099Z" },
    { url = "https://files.pythonhosted.org/packages/19/5e/072839ec02e1a11518120bcc81e59a60f2e3d3629e760f05e0a1c3b7344a/pymongo-4.18.0-cp314-cp314-manylinux2014_s390x.manylinux_2_17_s390x.manylinux_2_28_s390x.whl", hash = "sha256:3c50998113e17737fc2048e0184eda8c3aef465acc5a554fb76e2b0266805278", size = 1064362, upload-time = "2026-09-03T16:00:13.05Z" },
    { url = "https://files.pythonhosted.org/packages/d4/24/6e56a573977a60047fb8bf3646eb5eb121c689678fce4eb2f6ddd5cfbe2b/pymongo-4.18.0-cp314-cp314-manylinux2014_x86_64.manylinux_2_17_x86_64.manylinux_2_28_x86_64.whl", hash = "sha256:b88f2dfa33e1680e8990b45036c7cdb79c5c5e0b1f08b2e5c942893d76853eb6", size = 1049153, upload-time = "2026-09-03T16:00:15.047Z" },
    { url = "https://files.pythonhosted.org/packages/8f/6b/bf0bc7eab0df3e7ef0669ceadbf25528f41fe304979335e49d79c4012515/pymongo-4.18.0-cp314-cp314-win32.whl", hash = "sha256:13b1ad2110fbc8ec151e996ae8ea22727db8b2bd48515141d76d4fb54bd07da3", size = 815986, upload-time = "2026-09-03T16:00:16.919Z" },
    { url = "https://files.pythonhosted.org/packages/14/9f/630977caf0b8022c8a6b2a55c242c7d264ce519bb5a68d8736de338866ce/pymongo-4.18.0-cp314-cp314-win_amd64.whl", hash = "sha256:e11e86c9a0f81d23cdd0d0a42a9312c888139d7d330ddd744973d79fec87630c", size = 821904, upload-time = "2026-09-03T16:00:18.921Z" },
    { url = "https://files.pythonhosted.org/packages/ce/8a/8a6de9d310207a070ebbf78e93bcda6e1cf9cf137368b73efc2d2b83c704/pymongo-4.18.0-cp314-cp314-win_arm64.whl", hash = "sha256:4c6f85e33ef338148cd70bc682fc73bfd202a1cde554057d807905d2310767ad", size = 816438, upload-time = "2026-09-03T16:00:20.935Z" },
    { url = "https://files.pythonhosted.org/packages/98/d6/a2ae13bad8d503115ea4f900802c07e0cc5d897e60c5ab04fb6a36044afc/pymongo-4.18.0-cp314-cp314t-macosx_10_15_x86_64.whl", hash = "sha256:03de6fdfbcd4ad0634313956bffcced13abc9e575b9c74dec70f69cc248b501c", size = 821472, upload-time = "2026-09-03T16:00:22.873Z" },
    { url = "https://files.pythonhosted.org/packages/9d/ba/0600e7c3bdfc8fc9166ae25272751f2a47e436ad451e45e8d0152227e869/pymongo-4.18.0-cp314-cp314t-macosx_11_0_arm64.whl", hash = "sha256:e8dd4a0c2bd52dd9f78d8808578d5f2ecf1b0fab41a4a169400c969a3e06ae65", size = 821909, upload-time = "2026-09-03T16:00:24.839Z" },
    { url = "https://files.pythonhosted.org/packages/27/4c/dc1121d8c949f50f010c15a521a424042322087c553c649b42c16ca15e6b/pymongo-4.18.0-cp314-cp314t-manylinux1_i686.manylinux_2_28_i686.manylinux_2_5_i686.whl", hash = "sha256:5a0e70d348d87e50406bc932f7998a40cc6cfdd4b0628dd0c00ff2470f07e3b1", size = 1105313, upload-time = "2026-09-03T16:00:26.919Z" },
    { url = "https://files.pythonhosted.org/packages/9c/0e/37dc8e6cbb25777dfaadb478fee6d5672ebd14eec1ac74eafb8bcda8b2bd/pymongo-4.18.0-cp314-cp314t-manylinux2014_aarch64.manylinux_2_17_aarch64.manylinux_2_28_aarch64.whl", hash = "sha256:ee7ed67136ee8e69c53c657253dbfe19486edd9560a3d8363cc0ee3614b52297", size = 1125099, upload-time = "2026-09-03T16:00:29.079Z" },
    { url = "https://files.pythonhosted.org/packages/d7/15/0c5e21f6d257c5876632aea3b1a38440577f089d94811d757256e773d98d/pymongo-4.18.0-cp314-cp314t-manylinux2014_ppc64le.manylinux_2_17_ppc64le.manylinux_2_28_ppc64le.whl", hash = "sha256:abd0db088de3935b87aa27398d6fa98718c3a1d84e36ffbb927a353a9d76a032", size = 1144554, upload-time = "2026-09-03T16:00:31.121Z" },
    { url = "https://files.pythonhosted.org/packages/93/15/1d57e1a4f922de348ffd6595488f7855a46f7d2152a9ca991d0b878657d2/pymongo-4.18.0-cp314-cp314t-manylinux2014_s390x.manylinux_2_17_s390x.manylinux_2_28_s390x.whl", hash = "sha256:721f9b1a378d5bbf1bc2b9de2b7d3eeb4466d2878c7f430d483af7e3f580c935", size = 1136309, upload-time = "2026-09-03T16:00:32.979Z" },
    { url = "https://files.pythonhosted.org/packages/a8/37/74392c9eaeea549c25a7e0304116cdfde79b7320bd55d652a03914b53d10/pymongo-4.18.0-cp314-cp314t-manylinux2014_x86_64.manylinux_2_17_x86_64.manylinux_2_28_x86_64.whl", hash = "sha256:d971ee533dbd7b836abec1e4ceefaeb9f6637c262561614482f213b8a19085be", size = 1117086, upload-time = "2026-09-03T16:00:35.314Z" },
    { url = "https://files.pythonhosted.org/packages/3b/3e/4dd06523d3784b9229059f8812cbed292ad36136adedf32db106796258db/pymongo-4.18.0-cp314-cp314t-win32.whl", hash = "sha256:996a87a5b9c048e3dddf497acde55c7955748572091c70e1424d3c4779171526", size = 818741, upload-time = "2026-09-03T16:00:37.27Z" },
    { url = "https://files.pythonhosted.org/packages/f5/d3/7f5ed7d37cd026b0d59b2504e4015b1370c79359f1e81ca5e3eb0428e8e1/pymongo-4.18.0-cp314-cp314t-win_amd64.whl", hash = "sha256:47627909a177036117b91a3378df8634dc8e93cf4ccd66b22086b0098d3c72de", size = 826081, upload-time = "2026-09-03T16:00:39.221Z" },
    { url = "https://files.pythonhosted.org/packages/64/02/b2606ddf52fa615d4ff3edb2aa05fb064337fa871f99ebb184a39e051cc8/pymongo-4.18.0-cp314-cp314t-win_arm64.whl", hash = "sha256:4a81d166a43e8af1e5152b6854a263ba0a8831f7dd2ca1badc716f219f4f1bc0", size = 817605, upload-time = "2026-09-03T16:00:41.547Z" },
]

[[package]]
name = "python-dotenv"
version = "1.2.3"
source = { registry = "https://pypi.org/simple" }
sdist = { url = "https://files.pythonhosted.org/packages/6a/53/ed9d74092561d4b01a2ef1349d52cdbc135e526c245f366b089cfca6de49/python_dotenv-1.2.3.tar.gz", hash = "sha256:a20a594dabeaa385725aa239d5244871c143ecb356add8a20fcf23773a6c3a35", size = 58945, upload-time = "2026-08-16T16:54:54.067Z" }
wheels = [
    { url = "https://files.pythonhosted.org/packages/0d/17/c5c6b53ddc18f297992099b3d9ec16c855c0ccc83263a21fe4d1c625ec6c/python_dotenv-1.2.3-py3-none-any.whl", hash = "sha256:904552145e8bfed22162c09dab1c2b9b54fefa7b23ba780f4f26ca0316b0f0d9", size = 22780, upload-time = "2026-08-16T16:54:52.473Z" },
]

[[package]]
name = "tzdata"
version = "2026.3"
source = { registry = "https://pypi.org/simple" }
sdist = { url = "https://files.pythonhosted.org/packages/92/ff/5a28bdfd8c3ebec42564ac7d0e54ca3db65044a9314a97f9564fa7a1e926/tzdata-2026.3.tar.gz", hash = "sha256:4a1518b8993086a7982523e071643f3c0e5f213e75b21318e78bcabfff9d1415", size = 198674, upload-time = "2026-07-10T08:50:37.887Z" }
wheels = [
    { url = "https://files.pythonhosted.org/packages/e5/6d/b53b99a9f2766d095985947a5782f1702cabb129a34f7a802d7197af832f/tzdata-2026.3-py2.py3-none-any.whl", hash = "sha256:dc096730c87af6cab1b171c9d532be840741ff5d459015e7f6947bd7d7e54931", size = 348168, upload-time = "2026-07-10T08:50:36.46Z" },
]
